{
  "name": "TabBarTest",
  "version": "0.0.1",
  "lockfileVersion": 1,
  "requires": true,
  "dependencies": {
    "@react-native-community/viewpager": {
      "version": "3.3.0",
      "resolved": "https://registry.npmjs.org/@react-native-community/viewpager/-/viewpager-3.3.0.tgz",
      "integrity": "sha512-tyzh79l4t/hxiyS9QD3LRmWMs8KVkZzjrkQ8U8+8To1wmvVCBtp8BenvNsDLTBO7CpO/YmiThpmIdEZMr1WuVw=="
    },
    "react-native-head-tab-view": {
      "version": "1.0.1",
      "resolved": "https://registry.npmjs.org/react-native-head-tab-view/-/react-native-head-tab-view-1.0.1.tgz",
      "integrity": "sha512-VgQA4MeQJVX0h4BwIHJh2zKTeJAebe2n4AxDbg9z1t6f20i/K9Xr9ARPi9UrO0yDZSj9RidgcB2wrviXaIwc/g==",
      "requires": {
        "@react-native-community/viewpager": "^3.3.0"
      }
    }
  }
}
